
Microsoft Visual Studio Solution File, Format Version 12.00
# Visual Studio 2013
VisualStudioVersion = 12.0.30723.0
MinimumVisualStudioVersion = 10.0.40219.1
Project("{FAE04EC0-301F-11D3-BF4B-00C04F79EFBC}") = "XNA_test1", "XNA_test1\XNA_test1\XNA_test1.csproj", "{30FDF763-CA13-4FF5-BD5D-9ED36AD3332D}"
EndProject
Project("{96E2B04D-8817-42C6-938A-82C39BA4D311}") = "XNA_test1Content", "XNA_test1\XNA_test1Content\XNA_test1Content.contentproj", "{ACBF012D-25DB-4E17-80D1-E9CECB9D9010}"
EndProject
Global
	GlobalSection(SolutionConfigurationPlatforms) = preSolution
		Debug|x86 = Debug|x86
		Release|x86 = Release|x86
	EndGlobalSection
	GlobalSection(ProjectConfigurationPlatforms) = postSolution
		{30FDF763-CA13-4FF5-BD5D-9ED36AD3332D}.Debug|x86.ActiveCfg = Debug|x86
		{30FDF763-CA13-4FF5-BD5D-9ED36AD3332D}.Debug|x86.Build.0 = Debug|x86
		{30FDF763-CA13-4FF5-BD5D-9ED36AD3332D}.Release|x86.ActiveCfg = Release|x86
		{30FDF763-CA13-4FF5-BD5D-9ED36AD3332D}.Release|x86.Build.0 = Release|x86
		{ACBF012D-25DB-4E17-80D1-E9CECB9D9010}.Debug|x86.ActiveCfg = Debug|x86
		{ACBF012D-25DB-4E17-80D1-E9CECB9D9010}.Release|x86.ActiveCfg = Release|x86
	EndGlobalSection
	GlobalSection(SolutionProperties) = preSolution
		HideSolutionNode = FALSE
	EndGlobalSection
EndGlobal
